
Microsoft Visual Studio Solution File, Format Version 12.00
# Visual Studio Version 16
VisualStudioVersion = 16.0.30114.105
MinimumVisualStudioVersion = 10.0.40219.1
Project("{FAE04EC0-301F-11D3-BF4B-00C04F79EFBC}") = "API", "API\API.csproj", "{6EEEAE5E-0B63-48B8-B7E2-4B63A0FF1EAD}"
EndProject
Project("{FAE04EC0-301F-11D3-BF4B-00C04F79EFBC}") = "Application", "Application\Application.csproj", "{8E570AA2-784B-433C-9047-EEE9DF59070E}"
EndProject
Project("{FAE04EC0-301F-11D3-BF4B-00C04F79EFBC}") = "Persistence", "Persistence\Persistence.csproj", "{C0555C87-6575-4471-B127-010E07A49502}"
EndProject
Project("{FAE04EC0-301F-11D3-BF4B-00C04F79EFBC}") = "Domain", "Domain\Domain.csproj", "{87F94F38-9FEC-4FDE-9218-1A88DD6A38DF}"
EndProject
Global
	GlobalSection(SolutionConfigurationPlatforms) = preSolution
		Debug|Any CPU = Debug|Any CPU
		Debug|x64 = Debug|x64
		Debug|x86 = Debug|x86
		Release|Any CPU = Release|Any CPU
		Release|x64 = Release|x64
		Release|x86 = Release|x86
	EndGlobalSection
	GlobalSection(SolutionProperties) = preSolution
		HideSolutionNode = FALSE
	EndGlobalSection
	GlobalSection(ProjectConfigurationPlatforms) = postSolution
		{6EEEAE5E-0B63-48B8-B7E2-4B63A0FF1EAD}.Debug|Any CPU.ActiveCfg = Debug|Any CPU
		{6EEEAE5E-0B63-48B8-B7E2-4B63A0FF1EAD}.Debug|Any CPU.Build.0 = Debug|Any CPU
		{6EEEAE5E-0B63-48B8-B7E2-4B63A0FF1EAD}.Debug|x64.ActiveCfg = Debug|Any CPU
		{6EEEAE5E-0B63-48B8-B7E2-4B63A0FF1EAD}.Debug|x64.Build.0 = Debug|Any CPU
		{6EEEAE5E-0B63-48B8-B7E2-4B63A0FF1EAD}.Debug|x86.ActiveCfg = Debug|Any CPU
		{6EEEAE5E-0B63-48B8-B7E2-4B63A0FF1EAD}.Debug|x86.Build.0 = Debug|Any CPU
		{6EEEAE5E-0B63-48B8-B7E2-4B63A0FF1EAD}.Release|Any CPU.ActiveCfg = Release|Any CPU
		{6EEEAE5E-0B63-48B8-B7E2-4B63A0FF1EAD}.Release|Any CPU.Build.0 = Release|Any CPU
		{6EEEAE5E-0B63-48B8-B7E2-4B63A0FF1EAD}.Release|x64.ActiveCfg = Release|Any CPU
		{6EEEAE5E-0B63-48B8-B7E2-4B63A0FF1EAD}.Release|x64.Build.0 = Release|Any CPU
		{6EEEAE5E-0B63-48B8-B7E2-4B63A0FF1EAD}.Release|x86.ActiveCfg = Release|Any CPU
		{6EEEAE5E-0B63-48B8-B7E2-4B63A0FF1EAD}.Release|x86.Build.0 = Release|Any CPU
		{8E570AA2-784B-433C-9047-EEE9DF59070E}.Debug|Any CPU.ActiveCfg = Debug|Any CPU
		{8E570AA2-784B-433C-9047-EEE9DF59070E}.Debug|Any CPU.Build.0 = Debug|Any CPU
		{8E570AA2-784B-433C-9047-EEE9DF59070E}.Debug|x64.ActiveCfg = Debug|Any CPU
		{8E570AA2-784B-433C-9047-EEE9DF59070E}.Debug|x64.Build.0 = Debug|Any CPU
		{8E570AA2-784B-433C-9047-EEE9DF59070E}.Debug|x86.ActiveCfg = Debug|Any CPU
		{8E570AA2-784B-433C-9047-EEE9DF59070E}.Debug|x86.Build.0 = Debug|Any CPU
		{8E570AA2-784B-433C-9047-EEE9DF59070E}.Release|Any CPU.ActiveCfg = Release|Any CPU
		{8E570AA2-784B-433C-9047-EEE9DF59070E}.Release|Any CPU.Build.0 = Release|Any CPU
		{8E570AA2-784B-433C-9047-EEE9DF59070E}.Release|x64.ActiveCfg = Release|Any CPU
		{8E570AA2-784B-433C-9047-EEE9DF59070E}.Release|x64.Build.0 = Release|Any CPU
		{8E570AA2-784B-433C-9047-EEE9DF59070E}.Release|x86.ActiveCfg = Release|Any CPU
		{8E570AA2-784B-433C-9047-EEE9DF59070E}.Release|x86.Build.0 = Release|Any CPU
		{C0555C87-6575-4471-B127-010E07A49502}.Debug|Any CPU.ActiveCfg = Debug|Any CPU
		{C0555C87-6575-4471-B127-010E07A49502}.Debug|Any CPU.Build.0 = Debug|Any CPU
		{C0555C87-6575-4471-B127-010E07A49502}.Debug|x64.ActiveCfg = Debug|Any CPU
		{C0555C87-6575-4471-B127-010E07A49502}.Debug|x64.Build.0 = Debug|Any CPU
		{C0555C87-6575-4471-B127-010E07A49502}.Debug|x86.ActiveCfg = Debug|Any CPU
		{C0555C87-6575-4471-B127-010E07A49502}.Debug|x86.Build.0 = Debug|Any CPU
		{C0555C87-6575-4471-B127-010E07A49502}.Release|Any CPU.ActiveCfg = Release|Any CPU
		{C0555C87-6575-4471-B127-010E07A49502}.Release|Any CPU.Build.0 = Release|Any CPU
		{C0555C87-6575-4471-B127-010E07A49502}.Release|x64.ActiveCfg = Release|Any CPU
		{C0555C87-6575-4471-B127-010E07A49502}.Release|x64.Build.0 = Release|Any CPU
		{C0555C87-6575-4471-B127-010E07A49502}.Release|x86.ActiveCfg = Release|Any CPU
		{C0555C87-6575-4471-B127-010E07A49502}.Release|x86.Build.0 = Release|Any CPU
		{87F94F38-9FEC-4FDE-9218-1A88DD6A38DF}.Debug|Any CPU.ActiveCfg = Debug|Any CPU
		{87F94F38-9FEC-4FDE-9218-1A88DD6A38DF}.Debug|Any CPU.Build.0 = Debug|Any CPU
		{87F94F38-9FEC-4FDE-9218-1A88DD6A38DF}.Debug|x64.ActiveCfg = Debug|Any CPU
		{87F94F38-9FEC-4FDE-9218-1A88DD6A38DF}.Debug|x64.Build.0 = Debug|Any CPU
		{87F94F38-9FEC-4FDE-9218-1A88DD6A38DF}.Debug|x86.ActiveCfg = Debug|Any CPU
		{87F94F38-9FEC-4FDE-9218-1A88DD6A38DF}.Debug|x86.Build.0 = Debug|Any CPU
		{87F94F38-9FEC-4FDE-9218-1A88DD6A38DF}.Release|Any CPU.ActiveCfg = Release|Any CPU
		{87F94F38-9FEC-4FDE-9218-1A88DD6A38DF}.Release|Any CPU.Build.0 = Release|Any CPU
		{87F94F38-9FEC-4FDE-9218-1A88DD6A38DF}.Release|x64.ActiveCfg = Release|Any CPU
		{87F94F38-9FEC-4FDE-9218-1A88DD6A38DF}.Release|x64.Build.0 = Release|Any CPU
		{87F94F38-9FEC-4FDE-9218-1A88DD6A38DF}.Release|x86.ActiveCfg = Release|Any CPU
		{87F94F38-9FEC-4FDE-9218-1A88DD6A38DF}.Release|x86.Build.0 = Release|Any CPU
	EndGlobalSection
EndGlobal
